// !$*UTF8*$!
{
	archiveVersion = 1;
	classes = {
	};
	objectVersion = 51;
	objects = {

/* Begin PBXBuildFile section */
		1F34E20623E8A9B60042C017 /* ViewWithAdd.swift in Sources */ = {isa = PBXBuildFile; fileRef = 1F34E20523E8A9B60042C017 /* ViewWithAdd.swift */; };
		1F34E20823E8ABA30042C017 /* TilesView.swift in Sources */ = {isa = PBXBuildFile; fileRef = 1F34E20723E8ABA30042C017 /* TilesView.swift */; };
		1F75A7B823E87CED0030AC48 /* AppDelegate.swift in Sources */ = {isa = PBXBuildFile; fileRef = 1F75A7B723E87CED0030AC48 /* AppDelegate.swift */; };
		1F75A7BA23E87CED0030AC48 /* SceneDelegate.swift in Sources */ = {isa = PBXBuildFile; fileRef = 1F75A7B923E87CED0030AC48 /* SceneDelegate.swift */; };
		1F75A7BC23E87CED0030AC48 /* ViewController.swift in Sources */ = {isa = PBXBuildFile; fileRef = 1F75A7BB23E87CED0030AC48 /* ViewController.swift */; };
		1F75A7C123E87CEE0030AC48 /* Assets.xcassets in Resources */ = {isa = PBXBuildFile; fileRef = 1F75A7C023E87CEE0030AC48 /* Assets.xcassets */; };
		1F75A7C423E87CEE0030AC48 /* LaunchScreen.storyboard in Resources */ = {isa = PBXBuildFile; fileRef = 1F75A7C223E87CEE0030AC48 /* LaunchScreen.storyboard */; };
		1F75A7CC23E8838E0030AC48 /* TrashHint.swift in Sources */ = {isa = PBXBuildFile; fileRef = 1F75A7CB23E8838E0030AC48 /* TrashHint.swift */; };
		1F75A7CE23E883F00030AC48 /* TrashHintsLoader.swift in Sources */ = {isa = PBXBuildFile; fileRef = 1F75A7CD23E883F00030AC48 /* TrashHintsLoader.swift */; };
		1F75A7D023E894EA0030AC48 /* SearchBarTopView.swift in Sources */ = {isa = PBXBuildFile; fileRef = 1F75A7CF23E894EA0030AC48 /* SearchBarTopView.swift */; };
		1FEE594223F184BC00E5EA58 /* ViewWithTableView.swift in Sources */ = {isa = PBXBuildFile; fileRef = 1FEE594123F184BC00E5EA58 /* ViewWithTableView.swift */; };
		1FEE594423F1879D00E5EA58 /* TrashHintCell.swift in Sources */ = {isa = PBXBuildFile; fileRef = 1FEE594323F1879D00E5EA58 /* TrashHintCell.swift */; };
		1FFC202123E9A568007E99F1 /* TrashTypeDetailsViewController.swift in Sources */ = {isa = PBXBuildFile; fileRef = 1FFC202023E9A568007E99F1 /* TrashTypeDetailsViewController.swift */; };
		1FFC202323E9D6DE007E99F1 /* TrashDetails.plist in Resources */ = {isa = PBXBuildFile; fileRef = 1FFC202223E9D6DE007E99F1 /* TrashDetails.plist */; };
		1FFC202523E9D9F0007E99F1 /* LoadFromPlistProvider.swift in Sources */ = {isa = PBXBuildFile; fileRef = 1FFC202423E9D9F0007E99F1 /* LoadFromPlistProvider.swift */; };
		B4B0777DD6932A17E29160E5 /* Pods_RecyclingWarsaw.framework in Frameworks */ = {isa = PBXBuildFile; fileRef = B0BDE9963EEA9EF7FDCAD668 /* Pods_RecyclingWarsaw.framework */; };
/* End PBXBuildFile section */

/* Begin PBXFileReference section */
		1F34E20523E8A9B60042C017 /* ViewWithAdd.swift */ = {isa = PBXFileReference; lastKnownFileType = sourcecode.swift; path = ViewWithAdd.swift; sourceTree = "<group>"; };
		1F34E20723E8ABA30042C017 /* TilesView.swift */ = {isa = PBXFileReference; lastKnownFileType = sourcecode.swift; path = TilesView.swift; sourceTree = "<group>"; };
		1F75A7B423E87CED0030AC48 /* RecyclingWarsaw.app */ = {isa = PBXFileReference; explicitFileType = wrapper.application; includeInIndex = 0; path = RecyclingWarsaw.app; sourceTree = BUILT_PRODUCTS_DIR; };
		1F75A7B723E87CED0030AC48 /* AppDelegate.swift */ = {isa = PBXFileReference; lastKnownFileType = sourcecode.swift; path = AppDelegate.swift; sourceTree = "<group>"; };
		1F75A7B923E87CED0030AC48 /* SceneDelegate.swift */ = {isa = PBXFileReference; lastKnownFileType = sourcecode.swift; path = SceneDelegate.swift; sourceTree = "<group>"; };
		1F75A7BB23E87CED0030AC48 /* ViewController.swift */ = {isa = PBXFileReference; lastKnownFileType = sourcecode.swift; path = ViewController.swift; sourceTree = "<group>"; };
		1F75A7C023E87CEE0030AC48 /* Assets.xcassets */ = {isa = PBXFileReference; lastKnownFileType = folder.assetcatalog; path = Assets.xcassets; sourceTree = "<group>"; };
		1F75A7C323E87CEE0030AC48 /* Base */ = {isa = PBXFileReference; lastKnownFileType = file.storyboard; name = Base; path = Base.lproj/LaunchScreen.storyboard; sourceTree = "<group>"; };
		1F75A7C523E87CEE0030AC48 /* Info.plist */ = {isa = PBXFileReference; lastKnownFileType = text.plist.xml; path = Info.plist; sourceTree = "<group>"; };
		1F75A7CB23E8838E0030AC48 /* TrashHint.swift */ = {isa = PBXFileReference; lastKnownFileType = sourcecode.swift; path = TrashHint.swift; sourceTree = "<group>"; };
		1F75A7CD23E883F00030AC48 /* TrashHintsLoader.swift */ = {isa = PBXFileReference; lastKnownFileType = sourcecode.swift; path = TrashHintsLoader.swift; sourceTree = "<group>"; };
		1F75A7CF23E894EA0030AC48 /* SearchBarTopView.swift */ = {isa = PBXFileReference; lastKnownFileType = sourcecode.swift; path = SearchBarTopView.swift; sourceTree = "<group>"; };
		1FEE594123F184BC00E5EA58 /* ViewWithTableView.swift */ = {isa = PBXFileReference; lastKnownFileType = sourcecode.swift; path = ViewWithTableView.swift; sourceTree = "<group>"; };
		1FEE594323F1879D00E5EA58 /* TrashHintCell.swift */ = {isa = PBXFileReference; lastKnownFileType = sourcecode.swift; path = TrashHintCell.swift; sourceTree = "<group>"; };
		1FFC202023E9A568007E99F1 /* TrashTypeDetailsViewController.swift */ = {isa = PBXFileReference; lastKnownFileType = sourcecode.swift; path = TrashTypeDetailsViewController.swift; sourceTree = "<group>"; };
		1FFC202223E9D6DE007E99F1 /* TrashDetails.plist */ = {isa = PBXFileReference; lastKnownFileType = text.plist.xml; path = TrashDetails.plist; sourceTree = "<group>"; };
		1FFC202423E9D9F0007E99F1 /* LoadFromPlistProvider.swift */ = {isa = PBXFileReference; lastKnownFileType = sourcecode.swift; path = LoadFromPlistProvider.swift; sourceTree = "<group>"; };
		3093BCF9DCAA2BB0E06EFAE6 /* Pods-RecyclingWarsaw.release.xcconfig */ = {isa = PBXFileReference; includeInIndex = 1; lastKnownFileType = text.xcconfig; name = "Pods-RecyclingWarsaw.release.xcconfig"; path = "Target Support Files/Pods-RecyclingWarsaw/Pods-RecyclingWarsaw.release.xcconfig"; sourceTree = "<group>"; };
		9D923B6CAC856B3121662F28 /* Pods-RecyclingWarsaw.debug.xcconfig */ = {isa = PBXFileReference; includeInIndex = 1; lastKnownFileType = text.xcconfig; name = "Pods-RecyclingWarsaw.debug.xcconfig"; path = "Target Support Files/Pods-RecyclingWarsaw/Pods-RecyclingWarsaw.debug.xcconfig"; sourceTree = "<group>"; };
		B0BDE9963EEA9EF7FDCAD668 /* Pods_RecyclingWarsaw.framework */ = {isa = PBXFileReference; explicitFileType = wrapper.framework; includeInIndex = 0; path = Pods_RecyclingWarsaw.framework; sourceTree = BUILT_PRODUCTS_DIR; };
/* End PBXFileReference section */

/* Begin PBXFrameworksBuildPhase section */
		1F75A7B123E87CED0030AC48 /* Frameworks */ = {
			isa = PBXFrameworksBuildPhase;
			buildActionMask = 2147483647;
			files = (
				B4B0777DD6932A17E29160E5 /* Pods_RecyclingWarsaw.framework in Frameworks */,
			);
			runOnlyForDeploymentPostprocessing = 0;
		};
/* End PBXFrameworksBuildPhase section */

/* Begin PBXGroup section */
		1F0AE4B523F431C200919C3B /* View */ = {
			isa = PBXGroup;
			children = (
				1F34E20723E8ABA30042C017 /* TilesView.swift */,
				1FEE594123F184BC00E5EA58 /* ViewWithTableView.swift */,
				1F75A7CF23E894EA0030AC48 /* SearchBarTopView.swift */,
				1F34E20523E8A9B60042C017 /* ViewWithAdd.swift */,
				1FEE594323F1879D00E5EA58 /* TrashHintCell.swift */,
			);
			path = View;
			sourceTree = "<group>";
		};
		1F0AE4B623F431D000919C3B /* Model */ = {
			isa = PBXGroup;
			children = (
				1F75A7CB23E8838E0030AC48 /* TrashHint.swift */,
				1F75A7CD23E883F00030AC48 /* TrashHintsLoader.swift */,
				1FFC202423E9D9F0007E99F1 /* LoadFromPlistProvider.swift */,
			);
			path = Model;
			sourceTree = "<group>";
		};
		1F0AE4B723F431D800919C3B /* Controller */ = {
			isa = PBXGroup;
			children = (
				1F75A7BB23E87CED0030AC48 /* ViewController.swift */,
				1FFC202023E9A568007E99F1 /* TrashTypeDetailsViewController.swift */,
			);
			path = Controller;
			sourceTree = "<group>";
		};
		1F75A7AB23E87CED0030AC48 = {
			isa = PBXGroup;
			children = (
				1F75A7B623E87CED0030AC48 /* RecyclingWarsaw */,
				1F75A7B523E87CED0030AC48 /* Products */,
				C09E2D4E1F38530B36B680F6 /* Pods */,
				8EE610DC493EE6725104A283 /* Frameworks */,
			);
			sourceTree = "<group>";
		};
		1F75A7B523E87CED0030AC48 /* Products */ = {
			isa = PBXGroup;
			children = (
				1F75A7B423E87CED0030AC48 /* RecyclingWarsaw.app */,
			);
			name = Products;
			sourceTree = "<group>";
		};
		1F75A7B623E87CED0030AC48 /* RecyclingWarsaw */ = {
			isa = PBXGroup;
			children = (
				1F0AE4B723F431D800919C3B /* Controller */,
				1F0AE4B623F431D000919C3B /* Model */,
				1F0AE4B523F431C200919C3B /* View */,
				1F75A7B723E87CED0030AC48 /* AppDelegate.swift */,
				1F75A7B923E87CED0030AC48 /* SceneDelegate.swift */,
				1FFC202223E9D6DE007E99F1 /* TrashDetails.plist */,
				1F75A7C023E87CEE0030AC48 /* Assets.xcassets */,
				1F75A7C223E87CEE0030AC48 /* LaunchScreen.storyboard */,
				1F75A7C523E87CEE0030AC48 /* Info.plist */,
			);
			path = RecyclingWarsaw;
			sourceTree = "<group>";
		};
		8EE610DC493EE6725104A283 /* Frameworks */ = {
			isa = PBXGroup;
			children = (
				B0BDE9963EEA9EF7FDCAD668 /* Pods_RecyclingWarsaw.framework */,
			);
			name = Frameworks;
			sourceTree = "<group>";
		};
		C09E2D4E1F38530B36B680F6 /* Pods */ = {
			isa = PBXGroup;
			children = (
				9D923B6CAC856B3121662F28 /* Pods-RecyclingWarsaw.debug.xcconfig */,
				3093BCF9DCAA2BB0E06EFAE6 /* Pods-RecyclingWarsaw.release.xcconfig */,
			);
			path = Pods;
			sourceTree = "<group>";
		};
/* End PBXGroup section */

/* Begin PBXNativeTarget section */
		1F75A7B323E87CED0030AC48 /* RecyclingWarsaw */ = {
			isa = PBXNativeTarget;
			buildConfigurationList = 1F75A7C823E87CEE0030AC48 /* Build configuration list for PBXNativeTarget "RecyclingWarsaw" */;
			buildPhases = (
				A2F9C24E85AD0B4B0A2EDEE3 /* [CP] Check Pods Manifest.lock */,
				1F75A7B023E87CED0030AC48 /* Sources */,
				1F75A7B123E87CED0030AC48 /* Frameworks */,
				1F75A7B223E87CED0030AC48 /* Resources */,
				4056D95E6984A0824E77F883 /* [CP] Embed Pods Frameworks */,
			);
			buildRules = (
			);
			dependencies = (
			);
			name = RecyclingWarsaw;
			productName = RecyclingWarsaw;
			productReference = 1F75A7B423E87CED0030AC48 /* RecyclingWarsaw.app */;
			productType = "com.apple.product-type.application";
		};
/* End PBXNativeTarget section */

/* Begin PBXProject section */
		1F75A7AC23E87CED0030AC48 /* Project object */ = {
			isa = PBXProject;
			attributes = {
				LastSwiftUpdateCheck = 1130;
				LastUpgradeCheck = 1130;
				ORGANIZATIONNAME = DodoCode;
				TargetAttributes = {
					1F75A7B323E87CED0030AC48 = {
						CreatedOnToolsVersion = 11.3;
					};
				};
			};
			buildConfigurationList = 1F75A7AF23E87CED0030AC48 /* Build configuration list for PBXProject "RecyclingWarsaw" */;
			compatibilityVersion = "Xcode 9.3";
			developmentRegion = en;
			hasScannedForEncodings = 0;
			knownRegions = (
				en,
				Base,
			);
			mainGroup = 1F75A7AB23E87CED0030AC48;
			productRefGroup = 1F75A7B523E87CED0030AC48 /* Products */;
			projectDirPath = "";
			projectRoot = "";
			targets = (
				1F75A7B323E87CED0030AC48 /* RecyclingWarsaw */,
			);
		};
/* End PBXProject section */

/* Begin PBXResourcesBuildPhase section */
		1F75A7B223E87CED0030AC48 /* Resources */ = {
			isa = PBXResourcesBuildPhase;
			buildActionMask = 2147483647;
			files = (
				1F75A7C423E87CEE0030AC48 /* LaunchScreen.storyboard in Resources */,
				1F75A7C123E87CEE0030AC48 /* Assets.xcassets in Resources */,
				1FFC202323E9D6DE007E99F1 /* TrashDetails.plist in Resources */,
			);
			runOnlyForDeploymentPostprocessing = 0;
		};
/* End PBXResourcesBuildPhase section */

/* Begin PBXShellScriptBuildPhase section */
		4056D95E6984A0824E77F883 /* [CP] Embed Pods Frameworks */ = {
			isa = PBXShellScriptBuildPhase;
			buildActionMask = 2147483647;
			files = (
			);
			inputFileListPaths = (
				"${PODS_ROOT}/Target Support Files/Pods-RecyclingWarsaw/Pods-RecyclingWarsaw-frameworks-${CONFIGURATION}-input-files.xcfilelist",
			);
			name = "[CP] Embed Pods Frameworks";
			outputFileListPaths = (
				"${PODS_ROOT}/Target Support Files/Pods-RecyclingWarsaw/Pods-RecyclingWarsaw-frameworks-${CONFIGURATION}-output-files.xcfilelist",
			);
			runOnlyForDeploymentPostprocessing = 0;
			shellPath = /bin/sh;
			shellScript = "\"${PODS_ROOT}/Target Support Files/Pods-RecyclingWarsaw/Pods-RecyclingWarsaw-frameworks.sh\"\n";
			showEnvVarsInLog = 0;
		};
		A2F9C24E85AD0B4B0A2EDEE3 /* [CP] Check Pods Manifest.lock */ = {
			isa = PBXShellScriptBuildPhase;
			buildActionMask = 2147483647;
			files = (
			);
			inputFileListPaths = (
			);
			inputPaths = (
				"${PODS_PODFILE_DIR_PATH}/Podfile.lock",
				"${PODS_ROOT}/Manifest.lock",
			);
			name = "[CP] Check Pods Manifest.lock";
			outputFileListPaths = (
			);
			outputPaths = (
				"$(DERIVED_FILE_DIR)/Pods-RecyclingWarsaw-checkManifestLockResult.txt",
			);
			runOnlyForDeploymentPostprocessing = 0;
			shellPath = /bin/sh;
			shellScript = "diff \"${PODS_PODFILE_DIR_PATH}/Podfile.lock\" \"${PODS_ROOT}/Manifest.lock\" > /dev/null\nif [ $? != 0 ] ; then\n    # print error to STDERR\n    echo \"error: The sandbox is not in sync with the Podfile.lock. Run 'pod install' or update your CocoaPods installation.\" >&2\n    exit 1\nfi\n# This output is used by Xcode 'outputs' to avoid re-running this script phase.\necho \"SUCCESS\" > \"${SCRIPT_OUTPUT_FILE_0}\"\n";
			showEnvVarsInLog = 0;
		};
/* End PBXShellScriptBuildPhase section */

/* Begin PBXSourcesBuildPhase section */
		1F75A7B023E87CED0030AC48 /* Sources */ = {
			isa = PBXSourcesBuildPhase;
			buildActionMask = 2147483647;
			files = (
				1F75A7BC23E87CED0030AC48 /* ViewController.swift in Sources */,
				1F75A7B823E87CED0030AC48 /* AppDelegate.swift in Sources */,
				1F34E20823E8ABA30042C017 /* TilesView.swift in Sources */,
				1FEE594423F1879D00E5EA58 /* TrashHintCell.swift in Sources */,
				1FEE594223F184BC00E5EA58 /* ViewWithTableView.swift in Sources */,
				1F75A7D023E894EA0030AC48 /* SearchBarTopView.swift in Sources */,
				1F75A7CE23E883F00030AC48 /* TrashHintsLoader.swift in Sources */,
				1FFC202523E9D9F0007E99F1 /* LoadFromPlistProvider.swift in Sources */,
				1FFC202123E9A568007E99F1 /* TrashTypeDetailsViewController.swift in Sources */,
				1F75A7CC23E8838E0030AC48 /* TrashHint.swift in Sources */,
				1F75A7BA23E87CED0030AC48 /* SceneDelegate.swift in Sources */,
				1F34E20623E8A9B60042C017 /* ViewWithAdd.swift in Sources */,
			);
			runOnlyForDeploymentPostprocessing = 0;
		};
/* End PBXSourcesBuildPhase section */

/* Begin PBXVariantGroup section */
		1F75A7C223E87CEE0030AC48 /* LaunchScreen.storyboard */ = {
			isa = PBXVariantGroup;
			children = (
				1F75A7C323E87CEE0030AC48 /* Base */,
			);
			name = LaunchScreen.storyboard;
			sourceTree = "<group>";
		};
/* End PBXVariantGroup section */

/* Begin XCBuildConfiguration section */
		1F75A7C623E87CEE0030AC48 /* Debug */ = {
			isa = XCBuildConfiguration;
			buildSettings = {
				ALWAYS_SEARCH_USER_PATHS = NO;
				CLANG_ANALYZER_NONNULL = YES;
				CLANG_ANALYZER_NUMBER_OBJECT_CONVERSION = YES_AGGRESSIVE;
				CLANG_CXX_LANGUAGE_STANDARD = "gnu++14";
				CLANG_CXX_LIBRARY = "libc++";
				CLANG_ENABLE_MODULES = YES;
				CLANG_ENABLE_OBJC_ARC = YES;
				CLANG_ENABLE_OBJC_WEAK = YES;
				CLANG_WARN_BLOCK_CAPTURE_AUTORELEASING = YES;
				CLANG_WARN_BOOL_CONVERSION = YES;
				CLANG_WARN_COMMA = YES;
				CLANG_WARN_CONSTANT_CONVERSION = YES;
				CLANG_WARN_DEPRECATED_OBJC_IMPLEMENTATIONS = YES;
				CLANG_WARN_DIRECT_OBJC_ISA_USAGE = YES_ERROR;
				CLANG_WARN_DOCUMENTATION_COMMENTS = YES;
				CLANG_WARN_EMPTY_BODY = YES;
				CLANG_WARN_ENUM_CONVERSION = YES;
				CLANG_WARN_INFINITE_RECURSION = YES;
				CLANG_WARN_INT_CONVERSION = YES;
				CLANG_WARN_NON_LITERAL_NULL_CONVERSION = YES;
				CLANG_WARN_OBJC_IMPLICIT_RETAIN_SELF = YES;
				CLANG_WARN_OBJC_LITERAL_CONVERSION = YES;
				CLANG_WARN_OBJC_ROOT_CLASS = YES_ERROR;
				CLANG_WARN_RANGE_LOOP_ANALYSIS = YES;
				CLANG_WARN_STRICT_PROTOTYPES = YES;
				CLANG_WARN_SUSPICIOUS_MOVE = YES;
				CLANG_WARN_UNGUARDED_AVAILABILITY = YES_AGGRESSIVE;
				CLANG_WARN_UNREACHABLE_CODE = YES;
				CLANG_WARN__DUPLICATE_METHOD_MATCH = YES;
				COPY_PHASE_STRIP = NO;
				DEBUG_INFORMATION_FORMAT = dwarf;
				ENABLE_STRICT_OBJC_MSGSEND = YES;
				ENABLE_TESTABILITY = YES;
				GCC_C_LANGUAGE_STANDARD = gnu11;
				GCC_DYNAMIC_NO_PIC = NO;
				GCC_NO_COMMON_BLOCKS = YES;
				GCC_OPTIMIZATION_LEVEL = 0;
				GCC_PREPROCESSOR_DEFINITIONS = (
					"DEBUG=1",
					"$(inherited)",
				);
				GCC_WARN_64_TO_32_BIT_CONVERSION = YES;
				GCC_WARN_ABOUT_RETURN_TYPE = YES_ERROR;
				GCC_WARN_UNDECLARED_SELECTOR = YES;
				GCC_WARN_UNINITIALIZED_AUTOS = YES_AGGRESSIVE;
				GCC_WARN_UNUSED_FUNCTION = YES;
				GCC_WARN_UNUSED_VARIABLE = YES;
				IPHONEOS_DEPLOYMENT_TARGET = 13.2;
				MTL_ENABLE_DEBUG_INFO = INCLUDE_SOURCE;
				MTL_FAST_MATH = YES;
				ONLY_ACTIVE_ARCH = YES;
				SDKROOT = iphoneos;
				SWIFT_ACTIVE_COMPILATION_CONDITIONS = DEBUG;
				SWIFT_OPTIMIZATION_LEVEL = "-Onone";
			};
			name = Debug;
		};
		1F75A7C723E87CEE0030AC48 /* Release */ = {
			isa = XCBuildConfiguration;
			buildSettings = {
				ALWAYS_SEARCH_USER_PATHS = NO;
				CLANG_ANALYZER_NONNULL = YES;
				CLANG_ANALYZER_NUMBER_OBJECT_CONVERSION = YES_AGGRESSIVE;
				CLANG_CXX_LANGUAGE_STANDARD = "gnu++14";
				CLANG_CXX_LIBRARY = "libc++";
				CLANG_ENABLE_MODULES = YES;
				CLANG_ENABLE_OBJC_ARC = YES;
				CLANG_ENABLE_OBJC_WEAK = YES;
				CLANG_WARN_BLOCK_CAPTURE_AUTORELEASING = YES;
				CLANG_WARN_BOOL_CONVERSION = YES;
				CLANG_WARN_COMMA = YES;
				CLANG_WARN_CONSTANT_CONVERSION = YES;
				CLANG_WARN_DEPRECATED_OBJC_IMPLEMENTATIONS = YES;
				CLANG_WARN_DIRECT_OBJC_ISA_USAGE = YES_ERROR;
				CLANG_WARN_DOCUMENTATION_COMMENTS = YES;
				CLANG_WARN_EMPTY_BODY = YES;
				CLANG_WARN_ENUM_CONVERSION = YES;
				CLANG_WARN_INFINITE_RECURSION = YES;
				CLANG_WARN_INT_CONVERSION = YES;
				CLANG_WARN_NON_LITERAL_NULL_CONVERSION = YES;
				CLANG_WARN_OBJC_IMPLICIT_RETAIN_SELF = YES;
				CLANG_WARN_OBJC_LITERAL_CONVERSION = YES;
				CLANG_WARN_OBJC_ROOT_CLASS = YES_ERROR;
				CLANG_WARN_RANGE_LOOP_ANALYSIS = YES;
				CLANG_WARN_STRICT_PROTOTYPES = YES;
				CLANG_WARN_SUSPICIOUS_MOVE = YES;
				CLANG_WARN_UNGUARDED_AVAILABILITY = YES_AGGRESSIVE;
				CLANG_WARN_UNREACHABLE_CODE = YES;
				CLANG_WARN__DUPLICATE_METHOD_MATCH = YES;
				COPY_PHASE_STRIP = NO;
				DEBUG_INFORMATION_FORMAT = "dwarf-with-dsym";
				ENABLE_NS_ASSERTIONS = NO;
				ENABLE_STRICT_OBJC_MSGSEND = YES;
				GCC_C_LANGUAGE_STANDARD = gnu11;
				GCC_NO_COMMON_BLOCKS = YES;
				GCC_WARN_64_TO_32_BIT_CONVERSION = YES;
				GCC_WARN_ABOUT_RETURN_TYPE = YES_ERROR;
				GCC_WARN_UNDECLARED_SELECTOR = YES;
				GCC_WARN_UNINITIALIZED_AUTOS = YES_AGGRESSIVE;
				GCC_WARN_UNUSED_FUNCTION = YES;
				GCC_WARN_UNUSED_VARIABLE = YES;
				IPHONEOS_DEPLOYMENT_TARGET = 13.2;
				MTL_ENABLE_DEBUG_INFO = NO;
				MTL_FAST_MATH = YES;
				SDKROOT = iphoneos;
				SWIFT_COMPILATION_MODE = wholemodule;
				SWIFT_OPTIMIZATION_LEVEL = "-O";
				VALIDATE_PRODUCT = YES;
			};
			name = Release;
		};
		1F75A7C923E87CEE0030AC48 /* Debug */ = {
			isa = XCBuildConfiguration;
			baseConfigurationReference = 9D923B6CAC856B3121662F28 /* Pods-RecyclingWarsaw.debug.xcconfig */;
			buildSettings = {
				ASSETCATALOG_COMPILER_APPICON_NAME = AppIcon;
				CODE_SIGN_STYLE = Automatic;
				DEVELOPMENT_TEAM = HK6SRYFGZG;
				INFOPLIST_FILE = RecyclingWarsaw/Info.plist;
				IPHONEOS_DEPLOYMENT_TARGET = 13.2;
				LD_RUNPATH_SEARCH_PATHS = (
					"$(inherited)",
					"@executable_path/Frameworks",
				);
				PRODUCT_BUNDLE_IDENTIFIER = dodocode.RecyclingWarsaw;
				PRODUCT_NAME = "$(TARGET_NAME)";
				SWIFT_VERSION = 5.0;
				TARGETED_DEVICE_FAMILY = "1,2";
			};
			name = Debug;
		};
		1F75A7CA23E87CEE0030AC48 /* Release */ = {
			isa = XCBuildConfiguration;
			baseConfigurationReference = 3093BCF9DCAA2BB0E06EFAE6 /* Pods-RecyclingWarsaw.release.xcconfig */;
			buildSettings = {
				ASSETCATALOG_COMPILER_APPICON_NAME = AppIcon;
				CODE_SIGN_STYLE = Automatic;
				DEVELOPMENT_TEAM = HK6SRYFGZG;
				INFOPLIST_FILE = RecyclingWarsaw/Info.plist;
				IPHONEOS_DEPLOYMENT_TARGET = 13.2;
				LD_RUNPATH_SEARCH_PATHS = (
					"$(inherited)",
					"@executable_path/Frameworks",
				);
				PRODUCT_BUNDLE_IDENTIFIER = dodocode.RecyclingWarsaw;
				PRODUCT_NAME = "$(TARGET_NAME)";
				SWIFT_VERSION = 5.0;
				TARGETED_DEVICE_FAMILY = "1,2";
			};
			name = Release;
		};
/* End XCBuildConfiguration section */

/* Begin XCConfigurationList section */
		1F75A7AF23E87CED0030AC48 /* Build configuration list for PBXProject "RecyclingWarsaw" */ = {
			isa = XCConfigurationList;
			buildConfigurations = (
				1F75A7C623E87CEE0030AC48 /* Debug */,
				1F75A7C723E87CEE0030AC48 /* Release */,
			);
			defaultConfigurationIsVisible = 0;
			defaultConfigurationName = Release;
		};
		1F75A7C823E87CEE0030AC48 /* Build configuration list for PBXNativeTarget "RecyclingWarsaw" */ = {
			isa = XCConfigurationList;
			buildConfigurations = (
				1F75A7C923E87CEE0030AC48 /* Debug */,
				1F75A7CA23E87CEE0030AC48 /* Release */,
			);
			defaultConfigurationIsVisible = 0;
			defaultConfigurationName = Release;
		};
/* End XCConfigurationList section */
	};
	rootObject = 1F75A7AC23E87CED0030AC48 /* Project object */;
}
